// !$*UTF8*$!
{
	archiveVersion = 1;
	classes = {
	};
	objectVersion = 46;
	objects = {

/* Begin PBXBuildFile section */
		FB08CC7D1CF22A0500D73303 /* ProtectedViewController.swift in Sources */ = {isa = PBXBuildFile; fileRef = FB08CC7C1CF22A0500D73303 /* ProtectedViewController.swift */; };
		FB08CC7F1CF23CF500D73303 /* RegisterViewController.swift in Sources */ = {isa = PBXBuildFile; fileRef = FB08CC7E1CF23CF500D73303 /* RegisterViewController.swift */; };
		FBE509841CBADB13001D6853 /* AppDelegate.swift in Sources */ = {isa = PBXBuildFile; fileRef = FBE509831CBADB13001D6853 /* AppDelegate.swift */; };
		FBE509861CBADB13001D6853 /* ViewController.swift in Sources */ = {isa = PBXBuildFile; fileRef = FBE509851CBADB13001D6853 /* ViewController.swift */; };
		FBE509891CBADB13001D6853 /* Main.storyboard in Resources */ = {isa = PBXBuildFile; fileRef = FBE509871CBADB13001D6853 /* Main.storyboard */; };
		FBE5098B1CBADB13001D6853 /* Assets.xcassets in Resources */ = {isa = PBXBuildFile; fileRef = FBE5098A1CBADB13001D6853 /* Assets.xcassets */; };
		FBE5098E1CBADB13001D6853 /* LaunchScreen.storyboard in Resources */ = {isa = PBXBuildFile; fileRef = FBE5098C1CBADB13001D6853 /* LaunchScreen.storyboard */; };
/* End PBXBuildFile section */

/* Begin PBXFileReference section */
		FB08CC7C1CF22A0500D73303 /* ProtectedViewController.swift */ = {isa = PBXFileReference; fileEncoding = 4; lastKnownFileType = sourcecode.swift; path = ProtectedViewController.swift; sourceTree = "<group>"; };
		FB08CC7E1CF23CF500D73303 /* RegisterViewController.swift */ = {isa = PBXFileReference; fileEncoding = 4; lastKnownFileType = sourcecode.swift; path = RegisterViewController.swift; sourceTree = "<group>"; };
		FBE509801CBADB13001D6853 /* Fluid-Savings.app */ = {isa = PBXFileReference; explicitFileType = wrapper.application; includeInIndex = 0; path = "Fluid-Savings.app"; sourceTree = BUILT_PRODUCTS_DIR; };
		FBE509831CBADB13001D6853 /* AppDelegate.swift */ = {isa = PBXFileReference; lastKnownFileType = sourcecode.swift; path = AppDelegate.swift; sourceTree = "<group>"; };
		FBE509851CBADB13001D6853 /* ViewController.swift */ = {isa = PBXFileReference; lastKnownFileType = sourcecode.swift; path = ViewController.swift; sourceTree = "<group>"; };
		FBE509881CBADB13001D6853 /* Base */ = {isa = PBXFileReference; lastKnownFileType = file.storyboard; name = Base; path = Base.lproj/Main.storyboard; sourceTree = "<group>"; };
		FBE5098A1CBADB13001D6853 /* Assets.xcassets */ = {isa = PBXFileReference; lastKnownFileType = folder.assetcatalog; path = Assets.xcassets; sourceTree = "<group>"; };
		FBE5098D1CBADB13001D6853 /* Base */ = {isa = PBXFileReference; lastKnownFileType = file.storyboard; name = Base; path = Base.lproj/LaunchScreen.storyboard; sourceTree = "<group>"; };
		FBE5098F1CBADB13001D6853 /* Info.plist */ = {isa = PBXFileReference; lastKnownFileType = text.plist.xml; path = Info.plist; sourceTree = "<group>"; };
/* End PBXFileReference section */

/* Begin PBXFrameworksBuildPhase section */
		FBE5097D1CBADB13001D6853 /* Frameworks */ = {
			isa = PBXFrameworksBuildPhase;
			buildActionMask = 2147483647;
			files = (
			);
			runOnlyForDeploymentPostprocessing = 0;
		};
/* End PBXFrameworksBuildPhase section */

/* Begin PBXGroup section */
		FBE509771CBADB13001D6853 = {
			isa = PBXGroup;
			children = (
				FBE509821CBADB13001D6853 /* Fluid-Savings */,
				FBE509811CBADB13001D6853 /* Products */,
			);
			sourceTree = "<group>";
		};
		FBE509811CBADB13001D6853 /* Products */ = {
			isa = PBXGroup;
			children = (
				FBE509801CBADB13001D6853 /* Fluid-Savings.app */,
			);
			name = Products;
			sourceTree = "<group>";
		};
		FBE509821CBADB13001D6853 /* Fluid-Savings */ = {
			isa = PBXGroup;
			children = (
				FB08CC7C1CF22A0500D73303 /* ProtectedViewController.swift */,
				FB08CC7E1CF23CF500D73303 /* RegisterViewController.swift */,
				FBE509831CBADB13001D6853 /* AppDelegate.swift */,
				FBE509851CBADB13001D6853 /* ViewController.swift */,
				FBE509871CBADB13001D6853 /* Main.storyboard */,
				FBE5098A1CBADB13001D6853 /* Assets.xcassets */,
				FBE5098C1CBADB13001D6853 /* LaunchScreen.storyboard */,
				FBE5098F1CBADB13001D6853 /* Info.plist */,
			);
			path = "Fluid-Savings";
			sourceTree = "<group>";
		};
/* End PBXGroup section */

/* Begin PBXNativeTarget section */
		FBE5097F1CBADB13001D6853 /* Fluid-Savings */ = {
			isa = PBXNativeTarget;
			buildConfigurationList = FBE509921CBADB13001D6853 /* Build configuration list for PBXNativeTarget "Fluid-Savings" */;
			buildPhases = (
				FBE5097C1CBADB13001D6853 /* Sources */,
				FBE5097D1CBADB13001D6853 /* Frameworks */,
				FBE5097E1CBADB13001D6853 /* Resources */,
			);
			buildRules = (
			);
			dependencies = (
			);
			name = "Fluid-Savings";
			productName = "Fluid-Savings";
			productReference = FBE509801CBADB13001D6853 /* Fluid-Savings.app */;
			productType = "com.apple.product-type.application";
		};
/* End PBXNativeTarget section */

/* Begin PBXProject section */
		FBE509781CBADB13001D6853 /* Project object */ = {
			isa = PBXProject;
			attributes = {
				LastSwiftUpdateCheck = 0720;
				LastUpgradeCheck = 0720;
				ORGANIZATIONNAME = "Tej Vuligonda";
				TargetAttributes = {
					FBE5097F1CBADB13001D6853 = {
						CreatedOnToolsVersion = 7.2.1;
						DevelopmentTeam = 3JLQ687T8E;
					};
				};
			};
			buildConfigurationList = FBE5097B1CBADB13001D6853 /* Build configuration list for PBXProject "Fluid-Savings" */;
			compatibilityVersion = "Xcode 3.2";
			developmentRegion = English;
			hasScannedForEncodings = 0;
			knownRegions = (
				en,
				Base,
			);
			mainGroup = FBE509771CBADB13001D6853;
			productRefGroup = FBE509811CBADB13001D6853 /* Products */;
			projectDirPath = "";
			projectRoot = "";
			targets = (
				FBE5097F1CBADB13001D6853 /* Fluid-Savings */,
			);
		};
/* End PBXProject section */

/* Begin PBXResourcesBuildPhase section */
		FBE5097E1CBADB13001D6853 /* Resources */ = {
			isa = PBXResourcesBuildPhase;
			buildActionMask = 2147483647;
			files = (
				FBE5098E1CBADB13001D6853 /* LaunchScreen.storyboard in Resources */,
				FBE5098B1CBADB13001D6853 /* Assets.xcassets in Resources */,
				FBE509891CBADB13001D6853 /* Main.storyboard in Resources */,
			);
			runOnlyForDeploymentPostprocessing = 0;
		};
/* End PBXResourcesBuildPhase section */

/* Begin PBXSourcesBuildPhase section */
		FBE5097C1CBADB13001D6853 /* Sources */ = {
			isa = PBXSourcesBuildPhase;
			buildActionMask = 2147483647;
			files = (
				FBE509861CBADB13001D6853 /* ViewController.swift in Sources */,
				FBE509841CBADB13001D6853 /* AppDelegate.swift in Sources */,
				FB08CC7D1CF22A0500D73303 /* ProtectedViewController.swift in Sources */,
				FB08CC7F1CF23CF500D73303 /* RegisterViewController.swift in Sources */,
			);
			runOnlyForDeploymentPostprocessing = 0;
		};
/* End PBXSourcesBuildPhase section */

/* Begin PBXVariantGroup section */
		FBE509871CBADB13001D6853 /* Main.storyboard */ = {
			isa = PBXVariantGroup;
			children = (
				FBE509881CBADB13001D6853 /* Base */,
			);
			name = Main.storyboard;
			sourceTree = "<group>";
		};
		FBE5098C1CBADB13001D6853 /* LaunchScreen.storyboard */ = {
			isa = PBXVariantGroup;
			children = (
				FBE5098D1CBADB13001D6853 /* Base */,
			);
			name = LaunchScreen.storyboard;
			sourceTree = "<group>";
		};
/* End PBXVariantGroup section */

/* Begin XCBuildConfiguration section */
		FBE509901CBADB13001D6853 /* Debug */ = {
			isa = XCBuildConfiguration;
			buildSettings = {
				ALWAYS_SEARCH_USER_PATHS = NO;
				CLANG_CXX_LANGUAGE_STANDARD = "gnu++0x";
				CLANG_CXX_LIBRARY = "libc++";
				CLANG_ENABLE_MODULES = YES;
				CLANG_ENABLE_OBJC_ARC = YES;
				CLANG_WARN_BOOL_CONVERSION = YES;
				CLANG_WARN_CONSTANT_CONVERSION = YES;
				CLANG_WARN_DIRECT_OBJC_ISA_USAGE = YES_ERROR;
				CLANG_WARN_EMPTY_BODY = YES;
				CLANG_WARN_ENUM_CONVERSION = YES;
				CLANG_WARN_INT_CONVERSION = YES;
				CLANG_WARN_OBJC_ROOT_CLASS = YES_ERROR;
				CLANG_WARN_UNREACHABLE_CODE = YES;
				CLANG_WARN__DUPLICATE_METHOD_MATCH = YES;
				"CODE_SIGN_IDENTITY[sdk=iphoneos*]" = "iPhone Developer";
				COPY_PHASE_STRIP = NO;
				DEBUG_INFORMATION_FORMAT = dwarf;
				ENABLE_STRICT_OBJC_MSGSEND = YES;
				ENABLE_TESTABILITY = YES;
				GCC_C_LANGUAGE_STANDARD = gnu99;
				GCC_DYNAMIC_NO_PIC = NO;
				GCC_NO_COMMON_BLOCKS = YES;
				GCC_OPTIMIZATION_LEVEL = 0;
				GCC_PREPROCESSOR_DEFINITIONS = (
					"DEBUG=1",
					"$(inherited)",
				);
				GCC_WARN_64_TO_32_BIT_CONVERSION = YES;
				GCC_WARN_ABOUT_RETURN_TYPE = YES_ERROR;
				GCC_WARN_UNDECLARED_SELECTOR = YES;
				GCC_WARN_UNINITIALIZED_AUTOS = YES_AGGRESSIVE;
				GCC_WARN_UNUSED_FUNCTION = YES;
				GCC_WARN_UNUSED_VARIABLE = YES;
				IPHONEOS_DEPLOYMENT_TARGET = 9.2;
				MTL_ENABLE_DEBUG_INFO = YES;
				ONLY_ACTIVE_ARCH = YES;
				SDKROOT = iphoneos;
				SWIFT_OPTIMIZATION_LEVEL = "-Onone";
				TARGETED_DEVICE_FAMILY = "1,2";
			};
			name = Debug;
		};
		FBE509911CBADB13001D6853 /* Release */ = {
			isa = XCBuildConfiguration;
			buildSettings = {
				ALWAYS_SEARCH_USER_PATHS = NO;
				CLANG_CXX_LANGUAGE_STANDARD = "gnu++0x";
				CLANG_CXX_LIBRARY = "libc++";
				CLANG_ENABLE_MODULES = YES;
				CLANG_ENABLE_OBJC_ARC = YES;
				CLANG_WARN_BOOL_CONVERSION = YES;
				CLANG_WARN_CONSTANT_CONVERSION = YES;
				CLANG_WARN_DIRECT_OBJC_ISA_USAGE = YES_ERROR;
				CLANG_WARN_EMPTY_BODY = YES;
				CLANG_WARN_ENUM_CONVERSION = YES;
				CLANG_WARN_INT_CONVERSION = YES;
				CLANG_WARN_OBJC_ROOT_CLASS = YES_ERROR;
				CLANG_WARN_UNREACHABLE_CODE = YES;
				CLANG_WARN__DUPLICATE_METHOD_MATCH = YES;
				"CODE_SIGN_IDENTITY[sdk=iphoneos*]" = "iPhone Developer";
				COPY_PHASE_STRIP = NO;
				DEBUG_INFORMATION_FORMAT = "dwarf-with-dsym";
				ENABLE_NS_ASSERTIONS = NO;
				ENABLE_STRICT_OBJC_MSGSEND = YES;
				GCC_C_LANGUAGE_STANDARD = gnu99;
				GCC_NO_COMMON_BLOCKS = YES;
				GCC_WARN_64_TO_32_BIT_CONVERSION = YES;
				GCC_WARN_ABOUT_RETURN_TYPE = YES_ERROR;
				GCC_WARN_UNDECLARED_SELECTOR = YES;
				GCC_WARN_UNINITIALIZED_AUTOS = YES_AGGRESSIVE;
				GCC_WARN_UNUSED_FUNCTION = YES;
				GCC_WARN_UNUSED_VARIABLE = YES;
				IPHONEOS_DEPLOYMENT_TARGET = 9.2;
				MTL_ENABLE_DEBUG_INFO = NO;
				SDKROOT = iphoneos;
				TARGETED_DEVICE_FAMILY = "1,2";
				VALIDATE_PRODUCT = YES;
			};
			name = Release;
		};
		FBE509931CBADB13001D6853 /* Debug */ = {
			isa = XCBuildConfiguration;
			buildSettings = {
				ASSETCATALOG_COMPILER_APPICON_NAME = AppIcon;
				INFOPLIST_FILE = "Fluid-Savings/Info.plist";
				LD_RUNPATH_SEARCH_PATHS = "$(inherited) @executable_path/Frameworks";
				PRODUCT_BUNDLE_IDENTIFIER = "com.tejvuligonda.Fluid-Savings";
				PRODUCT_NAME = "$(TARGET_NAME)";
			};
			name = Debug;
		};
		FBE509941CBADB13001D6853 /* Release */ = {
			isa = XCBuildConfiguration;
			buildSettings = {
				ASSETCATALOG_COMPILER_APPICON_NAME = AppIcon;
				INFOPLIST_FILE = "Fluid-Savings/Info.plist";
				LD_RUNPATH_SEARCH_PATHS = "$(inherited) @executable_path/Frameworks";
				PRODUCT_BUNDLE_IDENTIFIER = "com.tejvuligonda.Fluid-Savings";
				PRODUCT_NAME = "$(TARGET_NAME)";
			};
			name = Release;
		};
/* End XCBuildConfiguration section */

/* Begin XCConfigurationList section */
		FBE5097B1CBADB13001D6853 /* Build configuration list for PBXProject "Fluid-Savings" */ = {
			isa = XCConfigurationList;
			buildConfigurations = (
				FBE509901CBADB13001D6853 /* Debug */,
				FBE509911CBADB13001D6853 /* Release */,
			);
			defaultConfigurationIsVisible = 0;
			defaultConfigurationName = Release;
		};
		FBE509921CBADB13001D6853 /* Build configuration list for PBXNativeTarget "Fluid-Savings" */ = {
			isa = XCConfigurationList;
			buildConfigurations = (
				FBE509931CBADB13001D6853 /* Debug */,
				FBE509941CBADB13001D6853 /* Release */,
			);
			defaultConfigurationIsVisible = 0;
			defaultConfigurationName = Release;
		};
/* End XCConfigurationList section */
	};
	rootObject = FBE509781CBADB13001D6853 /* Project object */;
}
